{
  "version": 4,
  "terraform_version": "1.6.2",
  "serial": 3,
  "lineage": "2bc770fa-8de7-9525-bb4f-3ac7727ebbec",
  "outputs": {},
  "resources": [
    {
      "mode": "managed",
      "type": "github_repository",
      "name": "repos",
      "provider": "provider[\"registry.terraform.io/integrations/github\"]",
      "instances": [
        {
          "schema_version": 1,
          "attributes": {
            "allow_auto_merge": false,
            "allow_merge_commit": true,
            "allow_rebase_merge": true,
            "allow_squash_merge": true,
            "allow_update_branch": false,
            "archive_on_destroy": null,
            "archived": false,
            "auto_init": null,
            "default_branch": "main",
            "delete_branch_on_merge": false,
            "description": "My repository",
            "etag": "W/\"00579dd2e0d12579ee808c16e3262c35e5189639eddc3759232b7a7bf22b6161\"",
            "full_name": "sjones710/sjcs-terraform-self-git",
            "git_clone_url": "git://github.com/sjones710/sjcs-terraform-self-git.git",
            "gitignore_template": null,
            "has_discussions": false,
            "has_downloads": false,
            "has_issues": false,
            "has_projects": false,
            "has_wiki": false,
            "homepage_url": "",
            "html_url": "https://github.com/sjones710/sjcs-terraform-self-git",
            "http_clone_url": "https://github.com/sjones710/sjcs-terraform-self-git.git",
            "id": "sjcs-terraform-self-git",
            "ignore_vulnerability_alerts_during_read": null,
            "is_template": false,
            "license_template": null,
            "merge_commit_message": "PR_TITLE",
            "merge_commit_title": "MERGE_MESSAGE",
            "name": "sjcs-terraform-self-git",
            "node_id": "R_kgDOLN_weA",
            "pages": [],
            "primary_language": "",
            "private": true,
            "repo_id": 752873592,
            "security_and_analysis": [],
            "squash_merge_commit_message": "COMMIT_MESSAGES",
            "squash_merge_commit_title": "COMMIT_OR_PR_TITLE",
            "ssh_clone_url": "git@github.com:sjones710/sjcs-terraform-self-git.git",
            "svn_url": "https://github.com/sjones710/sjcs-terraform-self-git",
            "template": [],
            "topics": [],
            "visibility": "private",
            "vulnerability_alerts": false,
            "web_commit_signoff_required": false
          },
          "sensitive_attributes": [],
          "private": "eyJzY2hlbWFfdmVyc2lvbiI6IjEifQ=="
        }
      ]
    }
  ],
  "check_results": null
}
